<?xml version="1.0" encoding="utf-8"?>
<Project ToolsVersion="4.0" xmlns="http://schemas.microsoft.com/developer/msbuild/2003">
  <ItemGroup>
    <Filter Include="헤더 파일">
      <UniqueIdentifier>{93995380-89BD-4b04-88EB-625FBE52EBFB}</UniqueIdentifier>
      <Extensions>h;hh;hpp;hxx;hm;inl;inc;xsd</Extensions>
    </Filter>
    <Filter Include="input">
      <UniqueIdentifier>{67DA6AB6-F800-4c08-8B7A-83BB121AAD01}</UniqueIdentifier>
      <Extensions>rc;ico;cur;bmp;dlg;rc2;rct;bin;rgs;gif;jpg;jpeg;jpe;resx;tiff;tif;png;wav;mfcribbon-ms</Extensions>
    </Filter>
    <Filter Include="source">
      <UniqueIdentifier>{4FC737F1-C7A5-4376-A066-2A32D752A2FF}</UniqueIdentifier>
      <Extensions>cpp;c;cc;cxx;def;odl;idl;hpj;bat;asm;asmx</Extensions>
    </Filter>
    <Filter Include="SubRound1">
      <UniqueIdentifier>{a7fc2bbb-1c6a-4481-a278-3f175bc31118}</UniqueIdentifier>
    </Filter>
    <Filter Include="SubRound2">
      <UniqueIdentifier>{ae8d6086-b9e2-4e23-b1ac-1348257cf3d0}</UniqueIdentifier>
    </Filter>
  </ItemGroup>
  <ItemGroup>
    <ClCompile Include="Dijkstra.cpp">
      <Filter>source</Filter>
    </ClCompile>
    <ClCompile Include="InfiniteHouseofPancakes.cpp">
      <Filter>source</Filter>
    </ClCompile>
    <ClCompile Include="OminousOmino.cpp">
      <Filter>source</Filter>
    </ClCompile>
    <ClCompile Include="StandingOvation.cpp">
      <Filter>source</Filter>
    </ClCompile>
    <ClCompile Include="Haircut_fail.cpp">
      <Filter>SubRound1</Filter>
    </ClCompile>
    <ClCompile Include="MushroomMonster.cpp">
      <Filter>SubRound1</Filter>
    </ClCompile>
    <ClCompile Include="소스.cpp">
      <Filter>SubRound2</Filter>
    </ClCompile>
    <ClCompile Include="소스1.cpp">
      <Filter>SubRound2</Filter>
    </ClCompile>
    <ClCompile Include="소스2.cpp">
      <Filter>SubRound2</Filter>
    </ClCompile>
  </ItemGroup>
  <ItemGroup>
    <Text Include="StandingOvationSmall.txt">
      <Filter>input</Filter>
    </Text>
    <Text Include="StandingOvationLarge.txt">
      <Filter>input</Filter>
    </Text>
    <Text Include="InfiniteHouseofPancakesSmall.txt">
      <Filter>input</Filter>
    </Text>
    <Text Include="InfiniteHouseofPancakesLarge.txt">
      <Filter>input</Filter>
    </Text>
    <Text Include="DijkstraSmall.txt">
      <Filter>input</Filter>
    </Text>
    <Text Include="MushroomMonsterSmallInput.txt">
      <Filter>input</Filter>
    </Text>
    <Text Include="MushroomMonsterLargeInput.txt">
      <Filter>input</Filter>
    </Text>
    <Text Include="HaircutSmallInput.txt">
      <Filter>input</Filter>
    </Text>
    <Text Include="Text.txt">
      <Filter>input</Filter>
    </Text>
    <Text Include="Text1.txt">
      <Filter>input</Filter>
    </Text>
    <Text Include="Text2.txt">
      <Filter>input</Filter>
    </Text>
    <Text Include="Text3.txt">
      <Filter>input</Filter>
    </Text>
  </ItemGroup>
</Project>