
Microsoft Visual Studio Solution File, Format Version 12.00
# Visual Studio 2013
VisualStudioVersion = 12.0.21005.1
MinimumVisualStudioVersion = 10.0.40219.1
Project("{8BC9CEB8-8B4A-11D0-8D11-00A0C91BC942}") = "DailySSMTest", "DailySSMTest\DailySSMTest.vcxproj", "{DB93349D-A4ED-48CF-9FE6-510658DAC291}"
EndProject
Global
	GlobalSection(SolutionConfigurationPlatforms) = preSolution
		Debug|Win32 = Debug|Win32
		Release|Win32 = Release|Win32
	EndGlobalSection
	GlobalSection(ProjectConfigurationPlatforms) = postSolution
		{DB93349D-A4ED-48CF-9FE6-510658DAC291}.Debug|Win32.ActiveCfg = Debug|Win32
		{DB93349D-A4ED-48CF-9FE6-510658DAC291}.Debug|Win32.Build.0 = Debug|Win32
		{DB93349D-A4ED-48CF-9FE6-510658DAC291}.Release|Win32.ActiveCfg = Release|Win32
		{DB93349D-A4ED-48CF-9FE6-510658DAC291}.Release|Win32.Build.0 = Release|Win32
	EndGlobalSection
	GlobalSection(SolutionProperties) = preSolution
		HideSolutionNode = FALSE
	EndGlobalSection
EndGlobal
