
Microsoft Visual Studio Solution File, Format Version 12.00
# Visual Studio 2013
VisualStudioVersion = 12.0.21005.1
MinimumVisualStudioVersion = 10.0.40219.1
Project("{8BC9CEB8-8B4A-11D0-8D11-00A0C91BC942}") = "NaturalMergeSort", "NaturalMergeSort\NaturalMergeSort.vcxproj", "{F3B672F0-9A48-4D23-8D8E-5A53835336F6}"
EndProject
Global
	GlobalSection(SolutionConfigurationPlatforms) = preSolution
		Debug|Win32 = Debug|Win32
		Release|Win32 = Release|Win32
	EndGlobalSection
	GlobalSection(ProjectConfigurationPlatforms) = postSolution
		{F3B672F0-9A48-4D23-8D8E-5A53835336F6}.Debug|Win32.ActiveCfg = Debug|Win32
		{F3B672F0-9A48-4D23-8D8E-5A53835336F6}.Debug|Win32.Build.0 = Debug|Win32
		{F3B672F0-9A48-4D23-8D8E-5A53835336F6}.Release|Win32.ActiveCfg = Release|Win32
		{F3B672F0-9A48-4D23-8D8E-5A53835336F6}.Release|Win32.Build.0 = Release|Win32
	EndGlobalSection
	GlobalSection(SolutionProperties) = preSolution
		HideSolutionNode = FALSE
	EndGlobalSection
EndGlobal
